Microsoft Visual Studio Solution File, Format Version 7.00
Project("{FAE04EC0-301F-11D3-BF4B-00C04F79EFBC}") = "JSTools", "JSTools.csproj", "{11958A59-F7E5-4160-9E0D-863E3404265C}"
EndProject
Project("{FAE04EC0-301F-11D3-BF4B-00C04F79EFBC}") = "JSTools_Web", "http://localhost/JSTools_Web/JSTools_Web.csproj", "{02061580-D8C0-41A5-98D2-6EFC1775722B}"
EndProject
Global
	GlobalSection(SolutionConfiguration) = preSolution
		ConfigName.0 = Debug
		ConfigName.1 = Release
	EndGlobalSection
	GlobalSection(ProjectDependencies) = postSolution
	EndGlobalSection
	GlobalSection(ProjectConfiguration) = postSolution
		{11958A59-F7E5-4160-9E0D-863E3404265C}.Debug.ActiveCfg = Debug|.NET
		{11958A59-F7E5-4160-9E0D-863E3404265C}.Debug.Build.0 = Debug|.NET
		{11958A59-F7E5-4160-9E0D-863E3404265C}.Release.ActiveCfg = Release|.NET
		{11958A59-F7E5-4160-9E0D-863E3404265C}.Release.Build.0 = Release|.NET
		{02061580-D8C0-41A5-98D2-6EFC1775722B}.Debug.ActiveCfg = Debug|.NET
		{02061580-D8C0-41A5-98D2-6EFC1775722B}.Debug.Build.0 = Debug|.NET
		{02061580-D8C0-41A5-98D2-6EFC1775722B}.Release.ActiveCfg = Release|.NET
		{02061580-D8C0-41A5-98D2-6EFC1775722B}.Release.Build.0 = Release|.NET
	EndGlobalSection
	GlobalSection(ExtensibilityGlobals) = postSolution
	EndGlobalSection
	GlobalSection(ExtensibilityAddIns) = postSolution
	EndGlobalSection
EndGlobal
