Microsoft Visual Studio Solution File, Format Version 8.00
Project("{FAE04EC0-301F-11D3-BF4B-00C04F79EFBC}") = "JSTools.Config", "JSTools.Config\JSTools.Config.csproj", "{11958A59-F7E5-4160-9E0D-863E3404265C}"
	ProjectSection(ProjectDependencies) = postProject
		{33B8DB46-46ED-4973-8554-E61FA6E7AA3E} = {33B8DB46-46ED-4973-8554-E61FA6E7AA3E}
	EndProjectSection
EndProject
Project("{FAE04EC0-301F-11D3-BF4B-00C04F79EFBC}") = "JSTools.Test", "JSTools.Test\JSTools.Test.csproj", "{142A2861-DA4F-4B94-BAEA-C8FB2C8AFCF0}"
	ProjectSection(ProjectDependencies) = postProject
		{33B8DB46-46ED-4973-8554-E61FA6E7AA3E} = {33B8DB46-46ED-4973-8554-E61FA6E7AA3E}
		{11958A59-F7E5-4160-9E0D-863E3404265C} = {11958A59-F7E5-4160-9E0D-863E3404265C}
	EndProjectSection
EndProject
Project("{FAE04EC0-301F-11D3-BF4B-00C04F79EFBC}") = "JSTools.Web.UI", "JSTools.Web.UI\JSTools.Web.UI.csproj", "{EE3A9993-BA75-4A15-93E4-CB0CCFC1E695}"
	ProjectSection(ProjectDependencies) = postProject
		{11958A59-F7E5-4160-9E0D-863E3404265C} = {11958A59-F7E5-4160-9E0D-863E3404265C}
	EndProjectSection
EndProject
Project("{E6FDF86B-F3D1-11D4-8576-0002A516ECE8}") = "JSTools.Parser.Rhino", "JSTools.Parser.Rhino\JSTools.Parser.Rhino.vjsproj", "{AF47DB5B-03FE-417F-881E-11D9A6C8ECF4}"
	ProjectSection(ProjectDependencies) = postProject
	EndProjectSection
EndProject
Project("{FAE04EC0-301F-11D3-BF4B-00C04F79EFBC}") = "JSTools.Parser", "JSTools.Parser\JSTools.Parser.csproj", "{33B8DB46-46ED-4973-8554-E61FA6E7AA3E}"
	ProjectSection(ProjectDependencies) = postProject
		{AF47DB5B-03FE-417F-881E-11D9A6C8ECF4} = {AF47DB5B-03FE-417F-881E-11D9A6C8ECF4}
	EndProjectSection
EndProject
Project("{FAE04EC0-301F-11D3-BF4B-00C04F79EFBC}") = "JSTools.JavaScript", "http://localhost/JSTools.JavaScript/JSTools.JavaScript.csproj", "{3C85A319-CED7-47EA-BA11-6143458A0566}"
	ProjectSection(ProjectDependencies) = postProject
	EndProjectSection
EndProject
Project("{FAE04EC0-301F-11D3-BF4B-00C04F79EFBC}") = "JSTools.JavaScript.Test", "http://localhost/JSTools.JavaScript.Test/JSTools.JavaScript.Test.csproj", "{21B8E92D-CFC4-4EAC-8615-9057A8B0E593}"
	ProjectSection(ProjectDependencies) = postProject
	EndProjectSection
EndProject
Project("{FAE04EC0-301F-11D3-BF4B-00C04F79EFBC}") = "JSTools.Web", "JSTools.Web\JSTools.Web.csproj", "{8EBBD23D-8C26-4587-8766-8B0BE9528B69}"
	ProjectSection(ProjectDependencies) = postProject
	EndProjectSection
EndProject
Global
	GlobalSection(SolutionConfiguration) = preSolution
		Debug = Debug
		Release = Release
	EndGlobalSection
	GlobalSection(ProjectConfiguration) = postSolution
		{11958A59-F7E5-4160-9E0D-863E3404265C}.Debug.ActiveCfg = Debug|.NET
		{11958A59-F7E5-4160-9E0D-863E3404265C}.Debug.Build.0 = Debug|.NET
		{11958A59-F7E5-4160-9E0D-863E3404265C}.Release.ActiveCfg = Release|.NET
		{11958A59-F7E5-4160-9E0D-863E3404265C}.Release.Build.0 = Release|.NET
		{142A2861-DA4F-4B94-BAEA-C8FB2C8AFCF0}.Debug.ActiveCfg = Debug|.NET
		{142A2861-DA4F-4B94-BAEA-C8FB2C8AFCF0}.Debug.Build.0 = Debug|.NET
		{142A2861-DA4F-4B94-BAEA-C8FB2C8AFCF0}.Release.ActiveCfg = Release|.NET
		{142A2861-DA4F-4B94-BAEA-C8FB2C8AFCF0}.Release.Build.0 = Release|.NET
		{EE3A9993-BA75-4A15-93E4-CB0CCFC1E695}.Debug.ActiveCfg = Debug|.NET
		{EE3A9993-BA75-4A15-93E4-CB0CCFC1E695}.Debug.Build.0 = Debug|.NET
		{EE3A9993-BA75-4A15-93E4-CB0CCFC1E695}.Release.ActiveCfg = Release|.NET
		{EE3A9993-BA75-4A15-93E4-CB0CCFC1E695}.Release.Build.0 = Release|.NET
		{AF47DB5B-03FE-417F-881E-11D9A6C8ECF4}.Debug.ActiveCfg = Debug|.NET
		{AF47DB5B-03FE-417F-881E-11D9A6C8ECF4}.Debug.Build.0 = Debug|.NET
		{AF47DB5B-03FE-417F-881E-11D9A6C8ECF4}.Release.ActiveCfg = Release|.NET
		{AF47DB5B-03FE-417F-881E-11D9A6C8ECF4}.Release.Build.0 = Release|.NET
		{33B8DB46-46ED-4973-8554-E61FA6E7AA3E}.Debug.ActiveCfg = Debug|.NET
		{33B8DB46-46ED-4973-8554-E61FA6E7AA3E}.Debug.Build.0 = Debug|.NET
		{33B8DB46-46ED-4973-8554-E61FA6E7AA3E}.Release.ActiveCfg = Release|.NET
		{33B8DB46-46ED-4973-8554-E61FA6E7AA3E}.Release.Build.0 = Release|.NET
		{3C85A319-CED7-47EA-BA11-6143458A0566}.Debug.ActiveCfg = Debug|.NET
		{3C85A319-CED7-47EA-BA11-6143458A0566}.Release.ActiveCfg = Release|.NET
		{3C85A319-CED7-47EA-BA11-6143458A0566}.Release.Build.0 = Release|.NET
		{21B8E92D-CFC4-4EAC-8615-9057A8B0E593}.Debug.ActiveCfg = Debug|.NET
		{21B8E92D-CFC4-4EAC-8615-9057A8B0E593}.Debug.Build.0 = Debug|.NET
		{21B8E92D-CFC4-4EAC-8615-9057A8B0E593}.Release.ActiveCfg = Release|.NET
		{21B8E92D-CFC4-4EAC-8615-9057A8B0E593}.Release.Build.0 = Release|.NET
		{8EBBD23D-8C26-4587-8766-8B0BE9528B69}.Debug.ActiveCfg = Debug|.NET
		{8EBBD23D-8C26-4587-8766-8B0BE9528B69}.Debug.Build.0 = Debug|.NET
		{8EBBD23D-8C26-4587-8766-8B0BE9528B69}.Release.ActiveCfg = Release|.NET
		{8EBBD23D-8C26-4587-8766-8B0BE9528B69}.Release.Build.0 = Release|.NET
	EndGlobalSection
	GlobalSection(ExtensibilityGlobals) = postSolution
	EndGlobalSection
	GlobalSection(ExtensibilityAddIns) = postSolution
	EndGlobalSection
EndGlobal
