Microsoft Visual Studio Solution File, Format Version 7.00
Project("{FAE04EC0-301F-11D3-BF4B-00C04F79EFBC}") = "JSCompiler", "JSCompiler.csproj", "{85F1F082-2AC5-4633-95E3-08692F10A777}"
EndProject
Global
	GlobalSection(SolutionConfiguration) = preSolution
		ConfigName.0 = Debug
		ConfigName.1 = Release
	EndGlobalSection
	GlobalSection(ProjectDependencies) = postSolution
	EndGlobalSection
	GlobalSection(ProjectConfiguration) = postSolution
		{85F1F082-2AC5-4633-95E3-08692F10A777}.Debug.ActiveCfg = Debug|.NET
		{85F1F082-2AC5-4633-95E3-08692F10A777}.Debug.Build.0 = Debug|.NET
		{85F1F082-2AC5-4633-95E3-08692F10A777}.Release.ActiveCfg = Release|.NET
		{85F1F082-2AC5-4633-95E3-08692F10A777}.Release.Build.0 = Release|.NET
	EndGlobalSection
	GlobalSection(ExtensibilityGlobals) = postSolution
	EndGlobalSection
	GlobalSection(ExtensibilityAddIns) = postSolution
	EndGlobalSection
EndGlobal
